
Microsoft Visual Studio Solution File, Format Version 12.00
# Visual Studio Version 16
VisualStudioVersion = 16.0.29201.188
MinimumVisualStudioVersion = 10.0.40219.1
Project("{FAE04EC0-301F-11D3-BF4B-00C04F79EFBC}") = "MyApplication1", "MyApplication1.csproj", "{2A6104D0-F3DA-47B0-BA44-45EACE59D268}"
EndProject
Global
	GlobalSection(SolutionConfigurationPlatforms) = preSolution
		Debug|Any CPU = Debug|Any CPU
		Release|Any CPU = Release|Any CPU
	EndGlobalSection
	GlobalSection(ProjectConfigurationPlatforms) = postSolution
		{2A6104D0-F3DA-47B0-BA44-45EACE59D268}.Debug|Any CPU.ActiveCfg = Debug|Any CPU
		{2A6104D0-F3DA-47B0-BA44-45EACE59D268}.Debug|Any CPU.Build.0 = Debug|Any CPU
		{2A6104D0-F3DA-47B0-BA44-45EACE59D268}.Release|Any CPU.ActiveCfg = Release|Any CPU
		{2A6104D0-F3DA-47B0-BA44-45EACE59D268}.Release|Any CPU.Build.0 = Release|Any CPU
	EndGlobalSection
	GlobalSection(SolutionProperties) = preSolution
		HideSolutionNode = FALSE
	EndGlobalSection
	GlobalSection(ExtensibilityGlobals) = postSolution
		SolutionGuid = {F7B19EF9-2D50-4FCE-8F54-6E28295B7B6B}
	EndGlobalSection
EndGlobal
